
Microsoft Visual Studio Solution File, Format Version 12.00
# Visual Studio Version 16
VisualStudioVersion = 16.0.29215.179
MinimumVisualStudioVersion = 10.0.40219.1
Project("{FAE04EC0-301F-11D3-BF4B-00C04F79EFBC}") = "01", "01\01.csproj", "{3AF41E20-3361-49C5-BFF1-D5A020F6BA9D}"
EndProject
Project("{FAE04EC0-301F-11D3-BF4B-00C04F79EFBC}") = "2DOpenTKFramework", "2DOpenTKFramework\2DOpenTKFramework.csproj", "{51025FFE-0064-4D96-99DF-DF6C96BBBD58}"
EndProject
Project("{2150E333-8FDC-42A3-9474-1A3956D46DE8}") = "Solution Items", "Solution Items", "{C0DB7A51-E1C0-4325-AECB-34D8AEDFD668}"
	ProjectSection(SolutionItems) = preProject
		.editorconfig = .editorconfig
	EndProjectSection
EndProject
Global
	GlobalSection(SolutionConfigurationPlatforms) = preSolution
		Debug|Any CPU = Debug|Any CPU
		Release|Any CPU = Release|Any CPU
	EndGlobalSection
	GlobalSection(ProjectConfigurationPlatforms) = postSolution
		{3AF41E20-3361-49C5-BFF1-D5A020F6BA9D}.Debug|Any CPU.ActiveCfg = Debug|Any CPU
		{3AF41E20-3361-49C5-BFF1-D5A020F6BA9D}.Debug|Any CPU.Build.0 = Debug|Any CPU
		{3AF41E20-3361-49C5-BFF1-D5A020F6BA9D}.Release|Any CPU.ActiveCfg = Release|Any CPU
		{3AF41E20-3361-49C5-BFF1-D5A020F6BA9D}.Release|Any CPU.Build.0 = Release|Any CPU
		{51025FFE-0064-4D96-99DF-DF6C96BBBD58}.Debug|Any CPU.ActiveCfg = Debug|Any CPU
		{51025FFE-0064-4D96-99DF-DF6C96BBBD58}.Debug|Any CPU.Build.0 = Debug|Any CPU
		{51025FFE-0064-4D96-99DF-DF6C96BBBD58}.Release|Any CPU.ActiveCfg = Release|Any CPU
		{51025FFE-0064-4D96-99DF-DF6C96BBBD58}.Release|Any CPU.Build.0 = Release|Any CPU
	EndGlobalSection
	GlobalSection(SolutionProperties) = preSolution
		HideSolutionNode = FALSE
	EndGlobalSection
	GlobalSection(ExtensibilityGlobals) = postSolution
		SolutionGuid = {5D2E70BF-A814-4C9E-A524-FD2492B4D546}
	EndGlobalSection
EndGlobal
